PODS:
  - FMDB (2.6.2):
    - FMDB/standard (= 2.6.2)
  - FMDB/standard (2.6.2)
  - Masonry (1.0.0)

DEPENDENCIES:
  - FMDB
  - Masonry

SPEC CHECKSUMS:
  FMDB: 854a0341b4726e53276f2a8996f06f1b80f9259a
  Masonry: b529bb169217897b6354d4b56b1fada6d475b13d

PODFILE CHECKSUM: 10c7f77e80136c109fa03339f81ca23a49721b3a

COCOAPODS: 1.0.0
